<Solution>
  <Folder Name="/Copilot/">
    <File Path=".github/copilot-instructions.md" />
    <File Path="Copilot.discussion.txt" />
    <File Path="images/WhatsApp Image 2026-09-28 at 23.00.18.jpeg" />
    <File Path="images/WhatsApp Image 2026-09-28 at 23.00.19.jpeg" />
  </Folder>
  <Folder Name="/Specs/">
    <File Path="specs/rules.md" />
    <File Path="specs/data-model.md" />
    <File Path="specs/plan.md" />
    <File Path="specs/quickstart.md" />
    <File Path="specs/spec.md" />
    <File Path="specs/tasks.md" />
  </Folder>
  <Folder Name="/Specs/CheckList/">
    <File Path="specs/checklists/requirements.md" />
  </Folder>
  <Project Path="src/scoreboard.Tests/WizardScoreboard.Tests.csproj" />
  <Project Path="src/scoreboard/WizardScoreboard.csproj">
    <Deploy Solution="Debug|*" />
  </Project>
  <Project Path="tools/LogoGen/LogoGen.csproj" />
</Solution>
